
Microsoft Visual Studio Solution File, Format Version 12.00
# Visual Studio Version 16
VisualStudioVersion = 16.0.29209.62
MinimumVisualStudioVersion = 10.0.40219.1
Project("{9A19103F-16F7-4668-BE54-9A1E7A4F7556}") = "Omnia.Fx.Examples.WebAppWithDb.Web", "Omnia.Fx.Examples.WebAppWithDb.Web\Omnia.Fx.Examples.WebAppWithDb.Web.csproj", "{EA6DDF8D-0248-4059-AD83-CF790835C686}"
EndProject
Project("{9A19103F-16F7-4668-BE54-9A1E7A4F7556}") = "Omnia.Fx.Examples.WebAppWithDb.Core", "Omnia.Fx.Examples.WebAppWithDb.Core\Omnia.Fx.Examples.WebAppWithDb.Core.csproj", "{63606997-9369-44A2-BCC6-54534D4C1182}"
EndProject
Project("{9A19103F-16F7-4668-BE54-9A1E7A4F7556}") = "Omnia.Fx.Examples.WebAppWithDb.Models", "Omnia.Fx.Examples.WebAppWithDb.Models\Omnia.Fx.Examples.WebAppWithDb.Models.csproj", "{995EA3FA-8F81-4F5A-9CB4-7E09819D1C22}"
EndProject
Global
	GlobalSection(SolutionConfigurationPlatforms) = preSolution
		Debug|Any CPU = Debug|Any CPU
		Release|Any CPU = Release|Any CPU
	EndGlobalSection
	GlobalSection(ProjectConfigurationPlatforms) = postSolution
		{EA6DDF8D-0248-4059-AD83-CF790835C686}.Debug|Any CPU.ActiveCfg = Debug|Any CPU
		{EA6DDF8D-0248-4059-AD83-CF790835C686}.Debug|Any CPU.Build.0 = Debug|Any CPU
		{EA6DDF8D-0248-4059-AD83-CF790835C686}.Release|Any CPU.ActiveCfg = Release|Any CPU
		{EA6DDF8D-0248-4059-AD83-CF790835C686}.Release|Any CPU.Build.0 = Release|Any CPU
		{63606997-9369-44A2-BCC6-54534D4C1182}.Debug|Any CPU.ActiveCfg = Debug|Any CPU
		{63606997-9369-44A2-BCC6-54534D4C1182}.Debug|Any CPU.Build.0 = Debug|Any CPU
		{63606997-9369-44A2-BCC6-54534D4C1182}.Release|Any CPU.ActiveCfg = Release|Any CPU
		{63606997-9369-44A2-BCC6-54534D4C1182}.Release|Any CPU.Build.0 = Release|Any CPU
		{995EA3FA-8F81-4F5A-9CB4-7E09819D1C22}.Debug|Any CPU.ActiveCfg = Debug|Any CPU
		{995EA3FA-8F81-4F5A-9CB4-7E09819D1C22}.Debug|Any CPU.Build.0 = Debug|Any CPU
		{995EA3FA-8F81-4F5A-9CB4-7E09819D1C22}.Release|Any CPU.ActiveCfg = Release|Any CPU
		{995EA3FA-8F81-4F5A-9CB4-7E09819D1C22}.Release|Any CPU.Build.0 = Release|Any CPU
	EndGlobalSection
	GlobalSection(SolutionProperties) = preSolution
		HideSolutionNode = FALSE
	EndGlobalSection
	GlobalSection(ExtensibilityGlobals) = postSolution
		SolutionGuid = {BF3807B6-54AB-4ADB-8A86-B6A813607BC3}
	EndGlobalSection
EndGlobal
