
Microsoft Visual Studio Solution File, Format Version 12.00
# Visual Studio Version 16
VisualStudioVersion = 16.0.30717.126
MinimumVisualStudioVersion = 10.0.40219.1
Project("{9A19103F-16F7-4668-BE54-9A1E7A4F7556}") = "Omnia.Fx.Examples.Ux.Components", "Omnia.Fx.Examples.Ux.Components\Omnia.Fx.Examples.Ux.Components.csproj", "{B4D9570C-0EAB-4DE3-BFDE-2E228EEA5180}"
EndProject
Global
	GlobalSection(SolutionConfigurationPlatforms) = preSolution
		BuildWithoutTsc|Any CPU = BuildWithoutTsc|Any CPU
		Debug|Any CPU = Debug|Any CPU
		Release|Any CPU = Release|Any CPU
	EndGlobalSection
	GlobalSection(ProjectConfigurationPlatforms) = postSolution
		{B4D9570C-0EAB-4DE3-BFDE-2E228EEA5180}.BuildWithoutTsc|Any CPU.ActiveCfg = BuildWithoutTsc|Any CPU
		{B4D9570C-0EAB-4DE3-BFDE-2E228EEA5180}.BuildWithoutTsc|Any CPU.Build.0 = BuildWithoutTsc|Any CPU
		{B4D9570C-0EAB-4DE3-BFDE-2E228EEA5180}.Debug|Any CPU.ActiveCfg = Debug|Any CPU
		{B4D9570C-0EAB-4DE3-BFDE-2E228EEA5180}.Debug|Any CPU.Build.0 = Debug|Any CPU
		{B4D9570C-0EAB-4DE3-BFDE-2E228EEA5180}.Release|Any CPU.ActiveCfg = Release|Any CPU
		{B4D9570C-0EAB-4DE3-BFDE-2E228EEA5180}.Release|Any CPU.Build.0 = Release|Any CPU
	EndGlobalSection
	GlobalSection(SolutionProperties) = preSolution
		HideSolutionNode = FALSE
	EndGlobalSection
	GlobalSection(ExtensibilityGlobals) = postSolution
		SolutionGuid = {AD8BF75F-8AC5-48F2-8D17-8BE195C7AC94}
	EndGlobalSection
EndGlobal
