
Microsoft Visual Studio Solution File, Format Version 12.00
# Visual Studio Version 16
VisualStudioVersion = 16.0.29519.181
MinimumVisualStudioVersion = 10.0.40219.1
Project("{9A19103F-16F7-4668-BE54-9A1E7A4F7556}") = "OmniaFxPlayground.Web", "src\OmniaFxPlayground.Web\OmniaFxPlayground.Web.csproj", "{C98A2D0E-C6A0-4EF8-8AE7-BFB715E93A37}"
EndProject
Project("{9A19103F-16F7-4668-BE54-9A1E7A4F7556}") = "OmniaFxPlayground.Worker", "src\OmniaFxPlayground.Worker\OmniaFxPlayground.Worker.csproj", "{49A30E0A-5331-4FAB-B44B-E97322755F32}"
EndProject
Project("{9A19103F-16F7-4668-BE54-9A1E7A4F7556}") = "ExternalPlayground", "src\ExternalPlayground\ExternalPlayground.csproj", "{BC6475DA-0E8D-4578-9346-F4312FBC9347}"
EndProject
Global
	GlobalSection(SolutionConfigurationPlatforms) = preSolution
		BuildWithoutTsc|Any CPU = BuildWithoutTsc|Any CPU
		Debug|Any CPU = Debug|Any CPU
		Release|Any CPU = Release|Any CPU
	EndGlobalSection
	GlobalSection(ProjectConfigurationPlatforms) = postSolution
		{C98A2D0E-C6A0-4EF8-8AE7-BFB715E93A37}.BuildWithoutTsc|Any CPU.ActiveCfg = BuildWithoutTsc|Any CPU
		{C98A2D0E-C6A0-4EF8-8AE7-BFB715E93A37}.BuildWithoutTsc|Any CPU.Build.0 = BuildWithoutTsc|Any CPU
		{C98A2D0E-C6A0-4EF8-8AE7-BFB715E93A37}.Debug|Any CPU.ActiveCfg = Debug|Any CPU
		{C98A2D0E-C6A0-4EF8-8AE7-BFB715E93A37}.Debug|Any CPU.Build.0 = Debug|Any CPU
		{C98A2D0E-C6A0-4EF8-8AE7-BFB715E93A37}.Release|Any CPU.ActiveCfg = Release|Any CPU
		{C98A2D0E-C6A0-4EF8-8AE7-BFB715E93A37}.Release|Any CPU.Build.0 = Release|Any CPU
		{49A30E0A-5331-4FAB-B44B-E97322755F32}.BuildWithoutTsc|Any CPU.ActiveCfg = Debug|Any CPU
		{49A30E0A-5331-4FAB-B44B-E97322755F32}.BuildWithoutTsc|Any CPU.Build.0 = Debug|Any CPU
		{49A30E0A-5331-4FAB-B44B-E97322755F32}.Debug|Any CPU.ActiveCfg = Debug|Any CPU
		{49A30E0A-5331-4FAB-B44B-E97322755F32}.Debug|Any CPU.Build.0 = Debug|Any CPU
		{49A30E0A-5331-4FAB-B44B-E97322755F32}.Release|Any CPU.ActiveCfg = Release|Any CPU
		{49A30E0A-5331-4FAB-B44B-E97322755F32}.Release|Any CPU.Build.0 = Release|Any CPU
		{BC6475DA-0E8D-4578-9346-F4312FBC9347}.BuildWithoutTsc|Any CPU.ActiveCfg = Debug|Any CPU
		{BC6475DA-0E8D-4578-9346-F4312FBC9347}.BuildWithoutTsc|Any CPU.Build.0 = Debug|Any CPU
		{BC6475DA-0E8D-4578-9346-F4312FBC9347}.Debug|Any CPU.ActiveCfg = Debug|Any CPU
		{BC6475DA-0E8D-4578-9346-F4312FBC9347}.Debug|Any CPU.Build.0 = Debug|Any CPU
		{BC6475DA-0E8D-4578-9346-F4312FBC9347}.Release|Any CPU.ActiveCfg = Release|Any CPU
		{BC6475DA-0E8D-4578-9346-F4312FBC9347}.Release|Any CPU.Build.0 = Release|Any CPU
	EndGlobalSection
	GlobalSection(SolutionProperties) = preSolution
		HideSolutionNode = FALSE
	EndGlobalSection
	GlobalSection(ExtensibilityGlobals) = postSolution
		SolutionGuid = {E61EFAAD-F32D-44A2-A087-7EFFEAB571B6}
	EndGlobalSection
EndGlobal
